
Microsoft Visual Studio Solution File, Format Version 10.00
# Visual Studio 2008
Project("{F184B08F-C81C-45F6-A57F-5ABD9991F28F}") = "SolarERPForSGM", "SolarERPForSGM\SolarERPForSGM.vbproj", "{62580CE7-A0B9-4C08-9BE8-209B976B4C53}"
EndProject
Project("{54435603-DBB4-11D2-8724-00A0C9A8B90C}") = "07. 25-Oct-19 - Upper Packing List Last Box Merged", "07. 25-Oct-19 - Upper Packing List Last Box Merged\07. 25-Oct-19 - Upper Packing List Last Box Merged.vdproj", "{8624EF51-515B-4624-BD16-342A35E139BF}"
EndProject
Project("{54435603-DBB4-11D2-8724-00A0C9A8B90C}") = "V.1 01-Nov-2019 - Upper Per Pair Production", "V.1 01-Nov-2019 - Upper Per Pair Production\V.1 01-Nov-2019 - Upper Per Pair Production.vdproj", "{AB739015-B0A9-4B69-B7FE-BCA520743600}"
EndProject
Project("{54435603-DBB4-11D2-8724-00A0C9A8B90C}") = "V.2 06-Nov-2019 - Upper Per Pair Production", "V.2 06-Nov-2019 - Upper Per Pair Production\V.2 06-Nov-2019 - Upper Per Pair Production.vdproj", "{861887A8-4FDF-4FB4-A9DF-233B6FCE56A5}"
EndProject
Project("{54435603-DBB4-11D2-8724-00A0C9A8B90C}") = "Summary Only 01.06-Nov-19", "Summary Only 01.06-Nov-19\Summary Only 01.06-Nov-19.vdproj", "{508F1538-615E-4688-8529-B8B0D1E1EFC6}"
EndProject
Project("{54435603-DBB4-11D2-8724-00A0C9A8B90C}") = "V1 Summary Only 01.06-Nov-19", "V1 Summary Only 01.06-Nov-19\V1 Summary Only 01.06-Nov-19.vdproj", "{E513E6BF-E269-4872-AA66-5827BFA47CDD}"
EndProject
Project("{54435603-DBB4-11D2-8724-00A0C9A8B90C}") = "V2 Summary Only 01.06-Nov-19", "V2 Summary Only 01.06-Nov-19\V2 Summary Only 01.06-Nov-19.vdproj", "{658AE568-EB75-4F8F-8AD3-E50EA1334018}"
EndProject
Project("{54435603-DBB4-11D2-8724-00A0C9A8B90C}") = "V3 Summary Only 01.06-Nov-19", "V3 Summary Only 01.06-Nov-19\V3 Summary Only 01.06-Nov-19.vdproj", "{D9EBD3A3-A70A-4FC1-B857-8894D7609930}"
EndProject
Project("{54435603-DBB4-11D2-8724-00A0C9A8B90C}") = "Summary Only v4.07-Nov-19", "Summary Only v4.07-Nov-19\Summary Only v4.07-Nov-19.vdproj", "{5AB6306E-E29E-4736-A124-1A7AC5DE394F}"
EndProject
Project("{54435603-DBB4-11D2-8724-00A0C9A8B90C}") = "V.3 07-Nov-2019 - Upper Per Pair Production", "V.3 07-Nov-2019 - Upper Per Pair Production\V.3 07-Nov-2019 - Upper Per Pair Production.vdproj", "{10001B4C-82C0-4296-BB06-7E709CF54C86}"
EndProject
Project("{54435603-DBB4-11D2-8724-00A0C9A8B90C}") = "V5 Summary Details", "V5 Summary Details\V5 Summary Details.vdproj", "{CD43AE93-626B-422B-BD0B-A709A677587F}"
EndProject
Project("{54435603-DBB4-11D2-8724-00A0C9A8B90C}") = "V.4 08-Nov-2019 - Upper Per Pair Production", "V.4 08-Nov-2019 - Upper Per Pair Production\V.4 08-Nov-2019 - Upper Per Pair Production.vdproj", "{A806D4AD-909C-408F-917C-0C423991949F}"
EndProject
Project("{54435603-DBB4-11D2-8724-00A0C9A8B90C}") = "V.5 28-Nov-2019 - Upper Per Pair Production", "V.5 28-Nov-2019 - Upper Per Pair Production\V.5 28-Nov-2019 - Upper Per Pair Production.vdproj", "{6D1E17DD-8276-492B-B111-220A16E3691A}"
EndProject
Project("{54435603-DBB4-11D2-8724-00A0C9A8B90C}") = "V.6 29-Nov-2019 - Upper Per Pair Production", "V.6 29-Nov-2019 - Upper Per Pair Production\V.6 29-Nov-2019 - Upper Per Pair Production.vdproj", "{404FD425-6682-455D-BA9C-4559309D11D4}"
EndProject
Project("{54435603-DBB4-11D2-8724-00A0C9A8B90C}") = "v1.0 Attendance Import - 08-Sep-2020", "v1.0 Attendance Import - 08-Sep-2020\v1.0 Attendance Import - 08-Sep-2020.vdproj", "{37758DE3-C4F7-4B93-9A65-EE88CE40908B}"
EndProject
Project("{54435603-DBB4-11D2-8724-00A0C9A8B90C}") = "v2.0 Attendance Import - 15-Sep-2020", "v2.0 Attendance Import - 15-Sep-2020\v2.0 Attendance Import - 15-Sep-2020.vdproj", "{873C0620-A45D-47D0-A414-29FA9BA6B3B5}"
EndProject
Project("{54435603-DBB4-11D2-8724-00A0C9A8B90C}") = "08. 23-Oct-20 - Upper Packing List Last Box Merged", "08. 23-Oct-20 - Upper Packing List Last Box Merged\08. 23-Oct-20 - Upper Packing List Last Box Merged.vdproj", "{5132A7D5-C335-44A7-AA95-19D338C9AE29}"
EndProject
Project("{54435603-DBB4-11D2-8724-00A0C9A8B90C}") = "v3.0 Attendance Import - 13-Apr-2021", "v3.0 Attendance Import - 13-Apr-2021\v3.0 Attendance Import - 13-Apr-2021.vdproj", "{FA4AD8E9-DBF7-41E2-8E7D-E43C4E1758B8}"
EndProject
Project("{54435603-DBB4-11D2-8724-00A0C9A8B90C}") = "v3.1 Attendance Import - 18-May-2021", "v3.1 Attendance Import - 18-May-2021\v3.1 Attendance Import - 18-May-2021.vdproj", "{B8EC7E9C-FBD1-4BC9-854C-A7E3F5615A73}"
EndProject
Project("{54435603-DBB4-11D2-8724-00A0C9A8B90C}") = "v3.2 Attendance Import - 05-July-2021", "v3.2 Attendance Import - 05-July-2021\v3.2 Attendance Import - 05-July-2021.vdproj", "{62E5CFA1-7D78-4BE1-A5C9-2356C1C875CB}"
EndProject
Project("{54435603-DBB4-11D2-8724-00A0C9A8B90C}") = "v3.3 Attendance Import - 21-Jan-2022", "v3.3 Attendance Import - 21-Jan-2022\v3.3 Attendance Import - 21-Jan-2022.vdproj", "{1FADCFAA-1B19-486C-B123-1EA74B94F254}"
EndProject
Project("{54435603-DBB4-11D2-8724-00A0C9A8B90C}") = "v3.4 Attendance Import - 24-Jan-2022", "v3.4 Attendance Import - 24-Jan-2022\v3.4 Attendance Import - 24-Jan-2022.vdproj", "{8411CD53-C9C6-4250-A873-C77FFE842CB5}"
EndProject
Global
	GlobalSection(SolutionConfigurationPlatforms) = preSolution
		Debug|Any CPU = Debug|Any CPU
		Debug|x64 = Debug|x64
		Debug|x86 = Debug|x86
		Release|Any CPU = Release|Any CPU
		Release|x64 = Release|x64
		Release|x86 = Release|x86
	EndGlobalSection
	GlobalSection(ProjectConfigurationPlatforms) = postSolution
		{62580CE7-A0B9-4C08-9BE8-209B976B4C53}.Debug|Any CPU.ActiveCfg = Debug|Any CPU
		{62580CE7-A0B9-4C08-9BE8-209B976B4C53}.Debug|Any CPU.Build.0 = Debug|Any CPU
		{62580CE7-A0B9-4C08-9BE8-209B976B4C53}.Debug|x64.ActiveCfg = Debug|x64
		{62580CE7-A0B9-4C08-9BE8-209B976B4C53}.Debug|x64.Build.0 = Debug|x64
		{62580CE7-A0B9-4C08-9BE8-209B976B4C53}.Debug|x86.ActiveCfg = Debug|x86
		{62580CE7-A0B9-4C08-9BE8-209B976B4C53}.Debug|x86.Build.0 = Debug|x86
		{62580CE7-A0B9-4C08-9BE8-209B976B4C53}.Release|Any CPU.ActiveCfg = Release|Any CPU
		{62580CE7-A0B9-4C08-9BE8-209B976B4C53}.Release|Any CPU.Build.0 = Release|Any CPU
		{62580CE7-A0B9-4C08-9BE8-209B976B4C53}.Release|x64.ActiveCfg = Release|x64
		{62580CE7-A0B9-4C08-9BE8-209B976B4C53}.Release|x64.Build.0 = Release|x64
		{62580CE7-A0B9-4C08-9BE8-209B976B4C53}.Release|x86.ActiveCfg = Release|x86
		{62580CE7-A0B9-4C08-9BE8-209B976B4C53}.Release|x86.Build.0 = Release|x86
		{8624EF51-515B-4624-BD16-342A35E139BF}.Debug|Any CPU.ActiveCfg = Debug
		{8624EF51-515B-4624-BD16-342A35E139BF}.Debug|x64.ActiveCfg = Debug
		{8624EF51-515B-4624-BD16-342A35E139BF}.Debug|x86.ActiveCfg = Debug
		{8624EF51-515B-4624-BD16-342A35E139BF}.Release|Any CPU.ActiveCfg = Release
		{8624EF51-515B-4624-BD16-342A35E139BF}.Release|x64.ActiveCfg = Release
		{8624EF51-515B-4624-BD16-342A35E139BF}.Release|x86.ActiveCfg = Release
		{AB739015-B0A9-4B69-B7FE-BCA520743600}.Debug|Any CPU.ActiveCfg = Debug
		{AB739015-B0A9-4B69-B7FE-BCA520743600}.Debug|x64.ActiveCfg = Debug
		{AB739015-B0A9-4B69-B7FE-BCA520743600}.Debug|x86.ActiveCfg = Debug
		{AB739015-B0A9-4B69-B7FE-BCA520743600}.Release|Any CPU.ActiveCfg = Release
		{AB739015-B0A9-4B69-B7FE-BCA520743600}.Release|x64.ActiveCfg = Release
		{AB739015-B0A9-4B69-B7FE-BCA520743600}.Release|x86.ActiveCfg = Release
		{861887A8-4FDF-4FB4-A9DF-233B6FCE56A5}.Debug|Any CPU.ActiveCfg = Debug
		{861887A8-4FDF-4FB4-A9DF-233B6FCE56A5}.Debug|x64.ActiveCfg = Debug
		{861887A8-4FDF-4FB4-A9DF-233B6FCE56A5}.Debug|x86.ActiveCfg = Debug
		{861887A8-4FDF-4FB4-A9DF-233B6FCE56A5}.Release|Any CPU.ActiveCfg = Release
		{861887A8-4FDF-4FB4-A9DF-233B6FCE56A5}.Release|x64.ActiveCfg = Release
		{861887A8-4FDF-4FB4-A9DF-233B6FCE56A5}.Release|x86.ActiveCfg = Release
		{508F1538-615E-4688-8529-B8B0D1E1EFC6}.Debug|Any CPU.ActiveCfg = Debug
		{508F1538-615E-4688-8529-B8B0D1E1EFC6}.Debug|x64.ActiveCfg = Debug
		{508F1538-615E-4688-8529-B8B0D1E1EFC6}.Debug|x86.ActiveCfg = Debug
		{508F1538-615E-4688-8529-B8B0D1E1EFC6}.Release|Any CPU.ActiveCfg = Release
		{508F1538-615E-4688-8529-B8B0D1E1EFC6}.Release|x64.ActiveCfg = Release
		{508F1538-615E-4688-8529-B8B0D1E1EFC6}.Release|x86.ActiveCfg = Release
		{E513E6BF-E269-4872-AA66-5827BFA47CDD}.Debug|Any CPU.ActiveCfg = Debug
		{E513E6BF-E269-4872-AA66-5827BFA47CDD}.Debug|x64.ActiveCfg = Debug
		{E513E6BF-E269-4872-AA66-5827BFA47CDD}.Debug|x86.ActiveCfg = Debug
		{E513E6BF-E269-4872-AA66-5827BFA47CDD}.Release|Any CPU.ActiveCfg = Release
		{E513E6BF-E269-4872-AA66-5827BFA47CDD}.Release|x64.ActiveCfg = Release
		{E513E6BF-E269-4872-AA66-5827BFA47CDD}.Release|x86.ActiveCfg = Release
		{658AE568-EB75-4F8F-8AD3-E50EA1334018}.Debug|Any CPU.ActiveCfg = Debug
		{658AE568-EB75-4F8F-8AD3-E50EA1334018}.Debug|x64.ActiveCfg = Debug
		{658AE568-EB75-4F8F-8AD3-E50EA1334018}.Debug|x86.ActiveCfg = Debug
		{658AE568-EB75-4F8F-8AD3-E50EA1334018}.Release|Any CPU.ActiveCfg = Release
		{658AE568-EB75-4F8F-8AD3-E50EA1334018}.Release|x64.ActiveCfg = Release
		{658AE568-EB75-4F8F-8AD3-E50EA1334018}.Release|x86.ActiveCfg = Release
		{D9EBD3A3-A70A-4FC1-B857-8894D7609930}.Debug|Any CPU.ActiveCfg = Debug
		{D9EBD3A3-A70A-4FC1-B857-8894D7609930}.Debug|x64.ActiveCfg = Debug
		{D9EBD3A3-A70A-4FC1-B857-8894D7609930}.Debug|x86.ActiveCfg = Debug
		{D9EBD3A3-A70A-4FC1-B857-8894D7609930}.Release|Any CPU.ActiveCfg = Release
		{D9EBD3A3-A70A-4FC1-B857-8894D7609930}.Release|x64.ActiveCfg = Release
		{D9EBD3A3-A70A-4FC1-B857-8894D7609930}.Release|x86.ActiveCfg = Release
		{5AB6306E-E29E-4736-A124-1A7AC5DE394F}.Debug|Any CPU.ActiveCfg = Debug
		{5AB6306E-E29E-4736-A124-1A7AC5DE394F}.Debug|x64.ActiveCfg = Debug
		{5AB6306E-E29E-4736-A124-1A7AC5DE394F}.Debug|x86.ActiveCfg = Debug
		{5AB6306E-E29E-4736-A124-1A7AC5DE394F}.Release|Any CPU.ActiveCfg = Release
		{5AB6306E-E29E-4736-A124-1A7AC5DE394F}.Release|x64.ActiveCfg = Release
		{5AB6306E-E29E-4736-A124-1A7AC5DE394F}.Release|x86.ActiveCfg = Release
		{10001B4C-82C0-4296-BB06-7E709CF54C86}.Debug|Any CPU.ActiveCfg = Debug
		{10001B4C-82C0-4296-BB06-7E709CF54C86}.Debug|x64.ActiveCfg = Debug
		{10001B4C-82C0-4296-BB06-7E709CF54C86}.Debug|x86.ActiveCfg = Debug
		{10001B4C-82C0-4296-BB06-7E709CF54C86}.Release|Any CPU.ActiveCfg = Release
		{10001B4C-82C0-4296-BB06-7E709CF54C86}.Release|x64.ActiveCfg = Release
		{10001B4C-82C0-4296-BB06-7E709CF54C86}.Release|x86.ActiveCfg = Release
		{CD43AE93-626B-422B-BD0B-A709A677587F}.Debug|Any CPU.ActiveCfg = Debug
		{CD43AE93-626B-422B-BD0B-A709A677587F}.Debug|x64.ActiveCfg = Debug
		{CD43AE93-626B-422B-BD0B-A709A677587F}.Debug|x86.ActiveCfg = Debug
		{CD43AE93-626B-422B-BD0B-A709A677587F}.Release|Any CPU.ActiveCfg = Release
		{CD43AE93-626B-422B-BD0B-A709A677587F}.Release|x64.ActiveCfg = Release
		{CD43AE93-626B-422B-BD0B-A709A677587F}.Release|x86.ActiveCfg = Release
		{A806D4AD-909C-408F-917C-0C423991949F}.Debug|Any CPU.ActiveCfg = Debug
		{A806D4AD-909C-408F-917C-0C423991949F}.Debug|x64.ActiveCfg = Debug
		{A806D4AD-909C-408F-917C-0C423991949F}.Debug|x86.ActiveCfg = Debug
		{A806D4AD-909C-408F-917C-0C423991949F}.Release|Any CPU.ActiveCfg = Release
		{A806D4AD-909C-408F-917C-0C423991949F}.Release|x64.ActiveCfg = Release
		{A806D4AD-909C-408F-917C-0C423991949F}.Release|x86.ActiveCfg = Release
		{6D1E17DD-8276-492B-B111-220A16E3691A}.Debug|Any CPU.ActiveCfg = Debug
		{6D1E17DD-8276-492B-B111-220A16E3691A}.Debug|x64.ActiveCfg = Debug
		{6D1E17DD-8276-492B-B111-220A16E3691A}.Debug|x86.ActiveCfg = Debug
		{6D1E17DD-8276-492B-B111-220A16E3691A}.Release|Any CPU.ActiveCfg = Release
		{6D1E17DD-8276-492B-B111-220A16E3691A}.Release|x64.ActiveCfg = Release
		{6D1E17DD-8276-492B-B111-220A16E3691A}.Release|x86.ActiveCfg = Release
		{404FD425-6682-455D-BA9C-4559309D11D4}.Debug|Any CPU.ActiveCfg = Debug
		{404FD425-6682-455D-BA9C-4559309D11D4}.Debug|x64.ActiveCfg = Debug
		{404FD425-6682-455D-BA9C-4559309D11D4}.Debug|x86.ActiveCfg = Debug
		{404FD425-6682-455D-BA9C-4559309D11D4}.Release|Any CPU.ActiveCfg = Release
		{404FD425-6682-455D-BA9C-4559309D11D4}.Release|x64.ActiveCfg = Release
		{404FD425-6682-455D-BA9C-4559309D11D4}.Release|x86.ActiveCfg = Release
		{37758DE3-C4F7-4B93-9A65-EE88CE40908B}.Debug|Any CPU.ActiveCfg = Debug
		{37758DE3-C4F7-4B93-9A65-EE88CE40908B}.Debug|x64.ActiveCfg = Debug
		{37758DE3-C4F7-4B93-9A65-EE88CE40908B}.Debug|x86.ActiveCfg = Debug
		{37758DE3-C4F7-4B93-9A65-EE88CE40908B}.Release|Any CPU.ActiveCfg = Release
		{37758DE3-C4F7-4B93-9A65-EE88CE40908B}.Release|x64.ActiveCfg = Release
		{37758DE3-C4F7-4B93-9A65-EE88CE40908B}.Release|x86.ActiveCfg = Release
		{873C0620-A45D-47D0-A414-29FA9BA6B3B5}.Debug|Any CPU.ActiveCfg = Debug
		{873C0620-A45D-47D0-A414-29FA9BA6B3B5}.Debug|x64.ActiveCfg = Debug
		{873C0620-A45D-47D0-A414-29FA9BA6B3B5}.Debug|x86.ActiveCfg = Debug
		{873C0620-A45D-47D0-A414-29FA9BA6B3B5}.Release|Any CPU.ActiveCfg = Release
		{873C0620-A45D-47D0-A414-29FA9BA6B3B5}.Release|x64.ActiveCfg = Release
		{873C0620-A45D-47D0-A414-29FA9BA6B3B5}.Release|x86.ActiveCfg = Release
		{5132A7D5-C335-44A7-AA95-19D338C9AE29}.Debug|Any CPU.ActiveCfg = Debug
		{5132A7D5-C335-44A7-AA95-19D338C9AE29}.Debug|x64.ActiveCfg = Debug
		{5132A7D5-C335-44A7-AA95-19D338C9AE29}.Debug|x86.ActiveCfg = Debug
		{5132A7D5-C335-44A7-AA95-19D338C9AE29}.Release|Any CPU.ActiveCfg = Release
		{5132A7D5-C335-44A7-AA95-19D338C9AE29}.Release|x64.ActiveCfg = Release
		{5132A7D5-C335-44A7-AA95-19D338C9AE29}.Release|x86.ActiveCfg = Release
		{FA4AD8E9-DBF7-41E2-8E7D-E43C4E1758B8}.Debug|Any CPU.ActiveCfg = Debug
		{FA4AD8E9-DBF7-41E2-8E7D-E43C4E1758B8}.Debug|x64.ActiveCfg = Debug
		{FA4AD8E9-DBF7-41E2-8E7D-E43C4E1758B8}.Debug|x86.ActiveCfg = Debug
		{FA4AD8E9-DBF7-41E2-8E7D-E43C4E1758B8}.Release|Any CPU.ActiveCfg = Release
		{FA4AD8E9-DBF7-41E2-8E7D-E43C4E1758B8}.Release|x64.ActiveCfg = Release
		{FA4AD8E9-DBF7-41E2-8E7D-E43C4E1758B8}.Release|x86.ActiveCfg = Release
		{B8EC7E9C-FBD1-4BC9-854C-A7E3F5615A73}.Debug|Any CPU.ActiveCfg = Debug
		{B8EC7E9C-FBD1-4BC9-854C-A7E3F5615A73}.Debug|x64.ActiveCfg = Debug
		{B8EC7E9C-FBD1-4BC9-854C-A7E3F5615A73}.Debug|x86.ActiveCfg = Debug
		{B8EC7E9C-FBD1-4BC9-854C-A7E3F5615A73}.Release|Any CPU.ActiveCfg = Release
		{B8EC7E9C-FBD1-4BC9-854C-A7E3F5615A73}.Release|x64.ActiveCfg = Release
		{B8EC7E9C-FBD1-4BC9-854C-A7E3F5615A73}.Release|x86.ActiveCfg = Release
		{62E5CFA1-7D78-4BE1-A5C9-2356C1C875CB}.Debug|Any CPU.ActiveCfg = Debug
		{62E5CFA1-7D78-4BE1-A5C9-2356C1C875CB}.Debug|x64.ActiveCfg = Debug
		{62E5CFA1-7D78-4BE1-A5C9-2356C1C875CB}.Debug|x86.ActiveCfg = Debug
		{62E5CFA1-7D78-4BE1-A5C9-2356C1C875CB}.Release|Any CPU.ActiveCfg = Release
		{62E5CFA1-7D78-4BE1-A5C9-2356C1C875CB}.Release|x64.ActiveCfg = Release
		{62E5CFA1-7D78-4BE1-A5C9-2356C1C875CB}.Release|x86.ActiveCfg = Release
		{1FADCFAA-1B19-486C-B123-1EA74B94F254}.Debug|Any CPU.ActiveCfg = Debug
		{1FADCFAA-1B19-486C-B123-1EA74B94F254}.Debug|x64.ActiveCfg = Debug
		{1FADCFAA-1B19-486C-B123-1EA74B94F254}.Debug|x86.ActiveCfg = Debug
		{1FADCFAA-1B19-486C-B123-1EA74B94F254}.Release|Any CPU.ActiveCfg = Release
		{1FADCFAA-1B19-486C-B123-1EA74B94F254}.Release|x64.ActiveCfg = Release
		{1FADCFAA-1B19-486C-B123-1EA74B94F254}.Release|x86.ActiveCfg = Release
		{8411CD53-C9C6-4250-A873-C77FFE842CB5}.Debug|Any CPU.ActiveCfg = Debug
		{8411CD53-C9C6-4250-A873-C77FFE842CB5}.Debug|x64.ActiveCfg = Debug
		{8411CD53-C9C6-4250-A873-C77FFE842CB5}.Debug|x86.ActiveCfg = Debug
		{8411CD53-C9C6-4250-A873-C77FFE842CB5}.Release|Any CPU.ActiveCfg = Release
		{8411CD53-C9C6-4250-A873-C77FFE842CB5}.Release|x64.ActiveCfg = Release
		{8411CD53-C9C6-4250-A873-C77FFE842CB5}.Release|x86.ActiveCfg = Release
	EndGlobalSection
	GlobalSection(SolutionProperties) = preSolution
		HideSolutionNode = FALSE
	EndGlobalSection
EndGlobal
