
Microsoft Visual Studio Solution File, Format Version 12.00
# Visual Studio Version 16
VisualStudioVersion = 16.0.31129.286
MinimumVisualStudioVersion = 10.0.40219.1
Project("{FAE04EC0-301F-11D3-BF4B-00C04F79EFBC}") = "OptimizerBeta3", "OptimizerBeta3\OptimizerBeta3.csproj", "{F8AB5784-F50C-45F7-B3F9-BCE444F71441}"
EndProject
Global
	GlobalSection(SolutionConfigurationPlatforms) = preSolution
		Debug|Any CPU = Debug|Any CPU
		Release|Any CPU = Release|Any CPU
	EndGlobalSection
	GlobalSection(ProjectConfigurationPlatforms) = postSolution
		{F8AB5784-F50C-45F7-B3F9-BCE444F71441}.Debug|Any CPU.ActiveCfg = Debug|Any CPU
		{F8AB5784-F50C-45F7-B3F9-BCE444F71441}.Debug|Any CPU.Build.0 = Debug|Any CPU
		{F8AB5784-F50C-45F7-B3F9-BCE444F71441}.Release|Any CPU.ActiveCfg = Release|Any CPU
		{F8AB5784-F50C-45F7-B3F9-BCE444F71441}.Release|Any CPU.Build.0 = Release|Any CPU
	EndGlobalSection
	GlobalSection(SolutionProperties) = preSolution
		HideSolutionNode = FALSE
	EndGlobalSection
	GlobalSection(ExtensibilityGlobals) = postSolution
		SolutionGuid = {BB4F87A6-2BAF-4B87-A24C-BA1E62C9349D}
	EndGlobalSection
EndGlobal
